// !$*UTF8*$!
{
	archiveVersion = 1;
	classes = {
	};
	objectVersion = 50;
	objects = {

/* Begin PBXBuildFile section */
		79234B5D239934E80025BCCF /* CustomButton.swift in Sources */ = {isa = PBXBuildFile; fileRef = 79234B5C239934E80025BCCF /* CustomButton.swift */; };
		79234B5F2399E7520025BCCF /* SchueduleTableViewController.swift in Sources */ = {isa = PBXBuildFile; fileRef = 79234B5E2399E7520025BCCF /* SchueduleTableViewController.swift */; };
		796538AB23A8D98C0095749D /* AddMemoByTime.swift in Sources */ = {isa = PBXBuildFile; fileRef = 796538AA23A8D98C0095749D /* AddMemoByTime.swift */; };
		79F82DF2239117C900153839 /* AppDelegate.swift in Sources */ = {isa = PBXBuildFile; fileRef = 79F82DF1239117C900153839 /* AppDelegate.swift */; };
		79F82DF4239117C900153839 /* SceneDelegate.swift in Sources */ = {isa = PBXBuildFile; fileRef = 79F82DF3239117C900153839 /* SceneDelegate.swift */; };
		79F82DF6239117C900153839 /* ViewController.swift in Sources */ = {isa = PBXBuildFile; fileRef = 79F82DF5239117C900153839 /* ViewController.swift */; };
		79F82DF9239117C900153839 /* Main.storyboard in Resources */ = {isa = PBXBuildFile; fileRef = 79F82DF7239117C900153839 /* Main.storyboard */; };
		79F82DFC239117C900153839 /* Calendar_11_29.xcdatamodeld in Sources */ = {isa = PBXBuildFile; fileRef = 79F82DFA239117C900153839 /* Calendar_11_29.xcdatamodeld */; };
		79F82DFE239117CC00153839 /* Assets.xcassets in Resources */ = {isa = PBXBuildFile; fileRef = 79F82DFD239117CC00153839 /* Assets.xcassets */; };
		79F82E01239117CC00153839 /* LaunchScreen.storyboard in Resources */ = {isa = PBXBuildFile; fileRef = 79F82DFF239117CC00153839 /* LaunchScreen.storyboard */; };
		79F82E09239119D000153839 /* CollectionViewCell.swift in Sources */ = {isa = PBXBuildFile; fileRef = 79F82E08239119D000153839 /* CollectionViewCell.swift */; };
/* End PBXBuildFile section */

/* Begin PBXFileReference section */
		79234B5C239934E80025BCCF /* CustomButton.swift */ = {isa = PBXFileReference; lastKnownFileType = sourcecode.swift; path = CustomButton.swift; sourceTree = "<group>"; };
		79234B5E2399E7520025BCCF /* SchueduleTableViewController.swift */ = {isa = PBXFileReference; lastKnownFileType = sourcecode.swift; path = SchueduleTableViewController.swift; sourceTree = "<group>"; };
		796538AA23A8D98C0095749D /* AddMemoByTime.swift */ = {isa = PBXFileReference; lastKnownFileType = sourcecode.swift; path = AddMemoByTime.swift; sourceTree = "<group>"; };
		79F82DEE239117C900153839 /* Calendar_11.29.app */ = {isa = PBXFileReference; explicitFileType = wrapper.application; includeInIndex = 0; path = Calendar_11.29.app; sourceTree = BUILT_PRODUCTS_DIR; };
		79F82DF1239117C900153839 /* AppDelegate.swift */ = {isa = PBXFileReference; lastKnownFileType = sourcecode.swift; path = AppDelegate.swift; sourceTree = "<group>"; };
		79F82DF3239117C900153839 /* SceneDelegate.swift */ = {isa = PBXFileReference; lastKnownFileType = sourcecode.swift; path = SceneDelegate.swift; sourceTree = "<group>"; };
		79F82DF5239117C900153839 /* ViewController.swift */ = {isa = PBXFileReference; lastKnownFileType = sourcecode.swift; path = ViewController.swift; sourceTree = "<group>"; };
		79F82DF8239117C900153839 /* Base */ = {isa = PBXFileReference; lastKnownFileType = file.storyboard; name = Base; path = Base.lproj/Main.storyboard; sourceTree = "<group>"; };
		79F82DFB239117C900153839 /* Calendar_11_29.xcdatamodel */ = {isa = PBXFileReference; lastKnownFileType = wrapper.xcdatamodel; path = Calendar_11_29.xcdatamodel; sourceTree = "<group>"; };
		79F82DFD239117CC00153839 /* Assets.xcassets */ = {isa = PBXFileReference; lastKnownFileType = folder.assetcatalog; path = Assets.xcassets; sourceTree = "<group>"; };
		79F82E00239117CC00153839 /* Base */ = {isa = PBXFileReference; lastKnownFileType = file.storyboard; name = Base; path = Base.lproj/LaunchScreen.storyboard; sourceTree = "<group>"; };
		79F82E02239117CC00153839 /* Info.plist */ = {isa = PBXFileReference; lastKnownFileType = text.plist.xml; path = Info.plist; sourceTree = "<group>"; };
		79F82E08239119D000153839 /* CollectionViewCell.swift */ = {isa = PBXFileReference; lastKnownFileType = sourcecode.swift; path = CollectionViewCell.swift; sourceTree = "<group>"; };
/* End PBXFileReference section */

/* Begin PBXFrameworksBuildPhase section */
		79F82DEB239117C900153839 /* Frameworks */ = {
			isa = PBXFrameworksBuildPhase;
			buildActionMask = 2147483647;
			files = (
			);
			runOnlyForDeploymentPostprocessing = 0;
		};
/* End PBXFrameworksBuildPhase section */

/* Begin PBXGroup section */
		79F82DE5239117C900153839 = {
			isa = PBXGroup;
			children = (
				79F82DF0239117C900153839 /* Calendar_11.29 */,
				79F82DEF239117C900153839 /* Products */,
			);
			sourceTree = "<group>";
		};
		79F82DEF239117C900153839 /* Products */ = {
			isa = PBXGroup;
			children = (
				79F82DEE239117C900153839 /* Calendar_11.29.app */,
			);
			name = Products;
			sourceTree = "<group>";
		};
		79F82DF0239117C900153839 /* Calendar_11.29 */ = {
			isa = PBXGroup;
			children = (
				79F82DF1239117C900153839 /* AppDelegate.swift */,
				79F82DF3239117C900153839 /* SceneDelegate.swift */,
				79F82DF5239117C900153839 /* ViewController.swift */,
				79F82DF7239117C900153839 /* Main.storyboard */,
				796538AA23A8D98C0095749D /* AddMemoByTime.swift */,
				79234B5E2399E7520025BCCF /* SchueduleTableViewController.swift */,
				79F82E08239119D000153839 /* CollectionViewCell.swift */,
				79234B5C239934E80025BCCF /* CustomButton.swift */,
				79F82DFD239117CC00153839 /* Assets.xcassets */,
				79F82DFF239117CC00153839 /* LaunchScreen.storyboard */,
				79F82E02239117CC00153839 /* Info.plist */,
				79F82DFA239117C900153839 /* Calendar_11_29.xcdatamodeld */,
			);
			path = Calendar_11.29;
			sourceTree = "<group>";
		};
/* End PBXGroup section */

/* Begin PBXNativeTarget section */
		79F82DED239117C900153839 /* Calendar_11.29 */ = {
			isa = PBXNativeTarget;
			buildConfigurationList = 79F82E05239117CC00153839 /* Build configuration list for PBXNativeTarget "Calendar_11.29" */;
			buildPhases = (
				79F82DEA239117C900153839 /* Sources */,
				79F82DEB239117C900153839 /* Frameworks */,
				79F82DEC239117C900153839 /* Resources */,
			);
			buildRules = (
			);
			dependencies = (
			);
			name = Calendar_11.29;
			productName = Calendar_11.29;
			productReference = 79F82DEE239117C900153839 /* Calendar_11.29.app */;
			productType = "com.apple.product-type.application";
		};
/* End PBXNativeTarget section */

/* Begin PBXProject section */
		79F82DE6239117C900153839 /* Project object */ = {
			isa = PBXProject;
			attributes = {
				LastSwiftUpdateCheck = 1120;
				LastUpgradeCheck = 1120;
				ORGANIZATIONNAME = "조우현";
				TargetAttributes = {
					79F82DED239117C900153839 = {
						CreatedOnToolsVersion = 11.2.1;
					};
				};
			};
			buildConfigurationList = 79F82DE9239117C900153839 /* Build configuration list for PBXProject "Calendar_11.29" */;
			compatibilityVersion = "Xcode 9.3";
			developmentRegion = en;
			hasScannedForEncodings = 0;
			knownRegions = (
				en,
				Base,
			);
			mainGroup = 79F82DE5239117C900153839;
			productRefGroup = 79F82DEF239117C900153839 /* Products */;
			projectDirPath = "";
			projectRoot = "";
			targets = (
				79F82DED239117C900153839 /* Calendar_11.29 */,
			);
		};
/* End PBXProject section */

/* Begin PBXResourcesBuildPhase section */
		79F82DEC239117C900153839 /* Resources */ = {
			isa = PBXResourcesBuildPhase;
			buildActionMask = 2147483647;
			files = (
				79F82E01239117CC00153839 /* LaunchScreen.storyboard in Resources */,
				79F82DFE239117CC00153839 /* Assets.xcassets in Resources */,
				79F82DF9239117C900153839 /* Main.storyboard in Resources */,
			);
			runOnlyForDeploymentPostprocessing = 0;
		};
/* End PBXResourcesBuildPhase section */

/* Begin PBXSourcesBuildPhase section */
		79F82DEA239117C900153839 /* Sources */ = {
			isa = PBXSourcesBuildPhase;
			buildActionMask = 2147483647;
			files = (
				79F82E09239119D000153839 /* CollectionViewCell.swift in Sources */,
				79F82DFC239117C900153839 /* Calendar_11_29.xcdatamodeld in Sources */,
				79234B5D239934E80025BCCF /* CustomButton.swift in Sources */,
				79F82DF6239117C900153839 /* ViewController.swift in Sources */,
				79234B5F2399E7520025BCCF /* SchueduleTableViewController.swift in Sources */,
				79F82DF2239117C900153839 /* AppDelegate.swift in Sources */,
				79F82DF4239117C900153839 /* SceneDelegate.swift in Sources */,
				796538AB23A8D98C0095749D /* AddMemoByTime.swift in Sources */,
			);
			runOnlyForDeploymentPostprocessing = 0;
		};
/* End PBXSourcesBuildPhase section */

/* Begin PBXVariantGroup section */
		79F82DF7239117C900153839 /* Main.storyboard */ = {
			isa = PBXVariantGroup;
			children = (
				79F82DF8239117C900153839 /* Base */,
			);
			name = Main.storyboard;
			sourceTree = "<group>";
		};
		79F82DFF239117CC00153839 /* LaunchScreen.storyboard */ = {
			isa = PBXVariantGroup;
			children = (
				79F82E00239117CC00153839 /* Base */,
			);
			name = LaunchScreen.storyboard;
			sourceTree = "<group>";
		};
/* End PBXVariantGroup section */

/* Begin XCBuildConfiguration section */
		79F82E03239117CC00153839 /* Debug */ = {
			isa = XCBuildConfiguration;
			buildSettings = {
				ALWAYS_SEARCH_USER_PATHS = NO;
				CLANG_ANALYZER_NONNULL = YES;
				CLANG_ANALYZER_NUMBER_OBJECT_CONVERSION = YES_AGGRESSIVE;
				CLANG_CXX_LANGUAGE_STANDARD = "gnu++14";
				CLANG_CXX_LIBRARY = "libc++";
				CLANG_ENABLE_MODULES = YES;
				CLANG_ENABLE_OBJC_ARC = YES;
				CLANG_ENABLE_OBJC_WEAK = YES;
				CLANG_WARN_BLOCK_CAPTURE_AUTORELEASING = YES;
				CLANG_WARN_BOOL_CONVERSION = YES;
				CLANG_WARN_COMMA = YES;
				CLANG_WARN_CONSTANT_CONVERSION = YES;
				CLANG_WARN_DEPRECATED_OBJC_IMPLEMENTATIONS = YES;
				CLANG_WARN_DIRECT_OBJC_ISA_USAGE = YES_ERROR;
				CLANG_WARN_DOCUMENTATION_COMMENTS = YES;
				CLANG_WARN_EMPTY_BODY = YES;
				CLANG_WARN_ENUM_CONVERSION = YES;
				CLANG_WARN_INFINITE_RECURSION = YES;
				CLANG_WARN_INT_CONVERSION = YES;
				CLANG_WARN_NON_LITERAL_NULL_CONVERSION = YES;
				CLANG_WARN_OBJC_IMPLICIT_RETAIN_SELF = YES;
				CLANG_WARN_OBJC_LITERAL_CONVERSION = YES;
				CLANG_WARN_OBJC_ROOT_CLASS = YES_ERROR;
				CLANG_WARN_RANGE_LOOP_ANALYSIS = YES;
				CLANG_WARN_STRICT_PROTOTYPES = YES;
				CLANG_WARN_SUSPICIOUS_MOVE = YES;
				CLANG_WARN_UNGUARDED_AVAILABILITY = YES_AGGRESSIVE;
				CLANG_WARN_UNREACHABLE_CODE = YES;
				CLANG_WARN__DUPLICATE_METHOD_MATCH = YES;
				COPY_PHASE_STRIP = NO;
				DEBUG_INFORMATION_FORMAT = dwarf;
				ENABLE_STRICT_OBJC_MSGSEND = YES;
				ENABLE_TESTABILITY = YES;
				GCC_C_LANGUAGE_STANDARD = gnu11;
				GCC_DYNAMIC_NO_PIC = NO;
				GCC_NO_COMMON_BLOCKS = YES;
				GCC_OPTIMIZATION_LEVEL = 0;
				GCC_PREPROCESSOR_DEFINITIONS = (
					"DEBUG=1",
					"$(inherited)",
				);
				GCC_WARN_64_TO_32_BIT_CONVERSION = YES;
				GCC_WARN_ABOUT_RETURN_TYPE = YES_ERROR;
				GCC_WARN_UNDECLARED_SELECTOR = YES;
				GCC_WARN_UNINITIALIZED_AUTOS = YES_AGGRESSIVE;
				GCC_WARN_UNUSED_FUNCTION = YES;
				GCC_WARN_UNUSED_VARIABLE = YES;
				IPHONEOS_DEPLOYMENT_TARGET = 13.2;
				MTL_ENABLE_DEBUG_INFO = INCLUDE_SOURCE;
				MTL_FAST_MATH = YES;
				ONLY_ACTIVE_ARCH = YES;
				SDKROOT = iphoneos;
				SWIFT_ACTIVE_COMPILATION_CONDITIONS = DEBUG;
				SWIFT_OPTIMIZATION_LEVEL = "-Onone";
			};
			name = Debug;
		};
		79F82E04239117CC00153839 /* Release */ = {
			isa = XCBuildConfiguration;
			buildSettings = {
				ALWAYS_SEARCH_USER_PATHS = NO;
				CLANG_ANALYZER_NONNULL = YES;
				CLANG_ANALYZER_NUMBER_OBJECT_CONVERSION = YES_AGGRESSIVE;
				CLANG_CXX_LANGUAGE_STANDARD = "gnu++14";
				CLANG_CXX_LIBRARY = "libc++";
				CLANG_ENABLE_MODULES = YES;
				CLANG_ENABLE_OBJC_ARC = YES;
				CLANG_ENABLE_OBJC_WEAK = YES;
				CLANG_WARN_BLOCK_CAPTURE_AUTORELEASING = YES;
				CLANG_WARN_BOOL_CONVERSION = YES;
				CLANG_WARN_COMMA = YES;
				CLANG_WARN_CONSTANT_CONVERSION = YES;
				CLANG_WARN_DEPRECATED_OBJC_IMPLEMENTATIONS = YES;
				CLANG_WARN_DIRECT_OBJC_ISA_USAGE = YES_ERROR;
				CLANG_WARN_DOCUMENTATION_COMMENTS = YES;
				CLANG_WARN_EMPTY_BODY = YES;
				CLANG_WARN_ENUM_CONVERSION = YES;
				CLANG_WARN_INFINITE_RECURSION = YES;
				CLANG_WARN_INT_CONVERSION = YES;
				CLANG_WARN_NON_LITERAL_NULL_CONVERSION = YES;
				CLANG_WARN_OBJC_IMPLICIT_RETAIN_SELF = YES;
				CLANG_WARN_OBJC_LITERAL_CONVERSION = YES;
				CLANG_WARN_OBJC_ROOT_CLASS = YES_ERROR;
				CLANG_WARN_RANGE_LOOP_ANALYSIS = YES;
				CLANG_WARN_STRICT_PROTOTYPES = YES;
				CLANG_WARN_SUSPICIOUS_MOVE = YES;
				CLANG_WARN_UNGUARDED_AVAILABILITY = YES_AGGRESSIVE;
				CLANG_WARN_UNREACHABLE_CODE = YES;
				CLANG_WARN__DUPLICATE_METHOD_MATCH = YES;
				COPY_PHASE_STRIP = NO;
				DEBUG_INFORMATION_FORMAT = "dwarf-with-dsym";
				ENABLE_NS_ASSERTIONS = NO;
				ENABLE_STRICT_OBJC_MSGSEND = YES;
				GCC_C_LANGUAGE_STANDARD = gnu11;
				GCC_NO_COMMON_BLOCKS = YES;
				GCC_WARN_64_TO_32_BIT_CONVERSION = YES;
				GCC_WARN_ABOUT_RETURN_TYPE = YES_ERROR;
				GCC_WARN_UNDECLARED_SELECTOR = YES;
				GCC_WARN_UNINITIALIZED_AUTOS = YES_AGGRESSIVE;
				GCC_WARN_UNUSED_FUNCTION = YES;
				GCC_WARN_UNUSED_VARIABLE = YES;
				IPHONEOS_DEPLOYMENT_TARGET = 13.2;
				MTL_ENABLE_DEBUG_INFO = NO;
				MTL_FAST_MATH = YES;
				SDKROOT = iphoneos;
				SWIFT_COMPILATION_MODE = wholemodule;
				SWIFT_OPTIMIZATION_LEVEL = "-O";
				VALIDATE_PRODUCT = YES;
			};
			name = Release;
		};
		79F82E06239117CC00153839 /* Debug */ = {
			isa = XCBuildConfiguration;
			buildSettings = {
				ASSETCATALOG_COMPILER_APPICON_NAME = AppIcon;
				CODE_SIGN_STYLE = Automatic;
				INFOPLIST_FILE = Calendar_11.29/Info.plist;
				LD_RUNPATH_SEARCH_PATHS = (
					"$(inherited)",
					"@executable_path/Frameworks",
				);
				PRODUCT_BUNDLE_IDENTIFIER = "home.Calendar-11-29";
				PRODUCT_NAME = "$(TARGET_NAME)";
				SWIFT_VERSION = 5.0;
				TARGETED_DEVICE_FAMILY = "1,2";
			};
			name = Debug;
		};
		79F82E07239117CC00153839 /* Release */ = {
			isa = XCBuildConfiguration;
			buildSettings = {
				ASSETCATALOG_COMPILER_APPICON_NAME = AppIcon;
				CODE_SIGN_STYLE = Automatic;
				INFOPLIST_FILE = Calendar_11.29/Info.plist;
				LD_RUNPATH_SEARCH_PATHS = (
					"$(inherited)",
					"@executable_path/Frameworks",
				);
				PRODUCT_BUNDLE_IDENTIFIER = "home.Calendar-11-29";
				PRODUCT_NAME = "$(TARGET_NAME)";
				SWIFT_VERSION = 5.0;
				TARGETED_DEVICE_FAMILY = "1,2";
			};
			name = Release;
		};
/* End XCBuildConfiguration section */

/* Begin XCConfigurationList section */
		79F82DE9239117C900153839 /* Build configuration list for PBXProject "Calendar_11.29" */ = {
			isa = XCConfigurationList;
			buildConfigurations = (
				79F82E03239117CC00153839 /* Debug */,
				79F82E04239117CC00153839 /* Release */,
			);
			defaultConfigurationIsVisible = 0;
			defaultConfigurationName = Release;
		};
		79F82E05239117CC00153839 /* Build configuration list for PBXNativeTarget "Calendar_11.29" */ = {
			isa = XCConfigurationList;
			buildConfigurations = (
				79F82E06239117CC00153839 /* Debug */,
				79F82E07239117CC00153839 /* Release */,
			);
			defaultConfigurationIsVisible = 0;
			defaultConfigurationName = Release;
		};
/* End XCConfigurationList section */

/* Begin XCVersionGroup section */
		79F82DFA239117C900153839 /* Calendar_11_29.xcdatamodeld */ = {
			isa = XCVersionGroup;
			children = (
				79F82DFB239117C900153839 /* Calendar_11_29.xcdatamodel */,
			);
			currentVersion = 79F82DFB239117C900153839 /* Calendar_11_29.xcdatamodel */;
			path = Calendar_11_29.xcdatamodeld;
			sourceTree = "<group>";
			versionGroupType = wrapper.xcdatamodel;
		};
/* End XCVersionGroup section */
	};
	rootObject = 79F82DE6239117C900153839 /* Project object */;
}
